PODS:
  - Masonry (1.1.0)
  - ThinkingSDK (2.8.0.1)

DEPENDENCIES:
  - Masonry
  - ThinkingSDK (from `../../ios-sdk`)

SPEC REPOS:
  https://github.com/CocoaPods/Specs.git:
    - Masonry

EXTERNAL SOURCES:
  ThinkingSDK:
    :path: "../../ios-sdk"

SPEC CHECKSUMS:
  Masonry: 678fab65091a9290e40e2832a55e7ab731aad201
  ThinkingSDK: 4b78b6e5fa5fda7f3614d24d0a271cdacc8ce8c9

PODFILE CHECKSUM: 1ac3b534f20fbd1dc7699f310732d8b1a1c3925e

COCOAPODS: 1.11.3
