// !$*UTF8*$!
{
	archiveVersion = 1;
	classes = {
	};
	objectVersion = 55;
	objects = {

/* Begin PBXBuildFile section */
		3CDF7375533E3C3F8FA09F1C /* Pods_TATest_iOS.framework in Frameworks */ = {isa = PBXBuildFile; fileRef = 0F3E8F677B5BB84227B665CD /* Pods_TATest_iOS.framework */; };
		4642F4D528D2F85E0048D26D /* GoogleService-Info.plist in Resources */ = {isa = PBXBuildFile; fileRef = 4642F4D428D2F85E0048D26D /* GoogleService-Info.plist */; };
		4646692E28D18FFB0076A3E3 /* APNSManager.m in Sources */ = {isa = PBXBuildFile; fileRef = 4646692D28D18FFB0076A3E3 /* APNSManager.m */; };
		46BFD05829376DB900EEB478 /* TEObject.m in Sources */ = {isa = PBXBuildFile; fileRef = 46BFD05729376DB900EEB478 /* TEObject.m */; };
		B6756E9A2841B3F100CAF38C /* AppDelegate.m in Sources */ = {isa = PBXBuildFile; fileRef = B6756E992841B3F100CAF38C /* AppDelegate.m */; };
		B6756E9D2841B3F100CAF38C /* SceneDelegate.m in Sources */ = {isa = PBXBuildFile; fileRef = B6756E9C2841B3F100CAF38C /* SceneDelegate.m */; };
		B6756EA02841B3F100CAF38C /* ViewController.m in Sources */ = {isa = PBXBuildFile; fileRef = B6756E9F2841B3F100CAF38C /* ViewController.m */; };
		B6756EA32841B3F100CAF38C /* Main.storyboard in Resources */ = {isa = PBXBuildFile; fileRef = B6756EA12841B3F100CAF38C /* Main.storyboard */; };
		B6756EA52841B3F200CAF38C /* Assets.xcassets in Resources */ = {isa = PBXBuildFile; fileRef = B6756EA42841B3F200CAF38C /* Assets.xcassets */; };
		B6756EA82841B3F200CAF38C /* LaunchScreen.storyboard in Resources */ = {isa = PBXBuildFile; fileRef = B6756EA62841B3F200CAF38C /* LaunchScreen.storyboard */; };
		B6756EAB2841B3F200CAF38C /* main.m in Sources */ = {isa = PBXBuildFile; fileRef = B6756EAA2841B3F200CAF38C /* main.m */; };
		B6756EB82842025100CAF38C /* HomeViewController.m in Sources */ = {isa = PBXBuildFile; fileRef = B6756EB72842025000CAF38C /* HomeViewController.m */; };
		B6756EBB2842091600CAF38C /* AppViewViewController.m in Sources */ = {isa = PBXBuildFile; fileRef = B6756EBA2842091600CAF38C /* AppViewViewController.m */; };
		B6756EBE28420EFA00CAF38C /* AppClickViewController.m in Sources */ = {isa = PBXBuildFile; fileRef = B6756EBD28420EFA00CAF38C /* AppClickViewController.m */; };
		B6756EC128421BA700CAF38C /* AppClickTableViewVC.m in Sources */ = {isa = PBXBuildFile; fileRef = B6756EC028421BA700CAF38C /* AppClickTableViewVC.m */; };
		B6756EC42842285600CAF38C /* IgnoredViewController.m in Sources */ = {isa = PBXBuildFile; fileRef = B6756EC32842285600CAF38C /* IgnoredViewController.m */; };
/* End PBXBuildFile section */

/* Begin PBXFileReference section */
		0F3E8F677B5BB84227B665CD /* Pods_TATest_iOS.framework */ = {isa = PBXFileReference; explicitFileType = wrapper.framework; includeInIndex = 0; path = Pods_TATest_iOS.framework; sourceTree = BUILT_PRODUCTS_DIR; };
		4642F4D428D2F85E0048D26D /* GoogleService-Info.plist */ = {isa = PBXFileReference; fileEncoding = 4; lastKnownFileType = text.plist.xml; path = "GoogleService-Info.plist"; sourceTree = "<group>"; };
		4646692C28D18FFB0076A3E3 /* APNSManager.h */ = {isa = PBXFileReference; fileEncoding = 4; lastKnownFileType = sourcecode.c.h; path = APNSManager.h; sourceTree = "<group>"; };
		4646692D28D18FFB0076A3E3 /* APNSManager.m */ = {isa = PBXFileReference; fileEncoding = 4; lastKnownFileType = sourcecode.c.objc; path = APNSManager.m; sourceTree = "<group>"; };
		46BFD05629376DB900EEB478 /* TEObject.h */ = {isa = PBXFileReference; lastKnownFileType = sourcecode.c.h; path = TEObject.h; sourceTree = "<group>"; };
		46BFD05729376DB900EEB478 /* TEObject.m */ = {isa = PBXFileReference; lastKnownFileType = sourcecode.c.objc; path = TEObject.m; sourceTree = "<group>"; };
		67816C72EC8BCC530D10AFD6 /* Pods-TATest_iOS.release.xcconfig */ = {isa = PBXFileReference; includeInIndex = 1; lastKnownFileType = text.xcconfig; name = "Pods-TATest_iOS.release.xcconfig"; path = "Target Support Files/Pods-TATest_iOS/Pods-TATest_iOS.release.xcconfig"; sourceTree = "<group>"; };
		B6756E952841B3F100CAF38C /* TATest_iOS.app */ = {isa = PBXFileReference; explicitFileType = wrapper.application; includeInIndex = 0; path = TATest_iOS.app; sourceTree = BUILT_PRODUCTS_DIR; };
		B6756E982841B3F100CAF38C /* AppDelegate.h */ = {isa = PBXFileReference; lastKnownFileType = sourcecode.c.h; path = AppDelegate.h; sourceTree = "<group>"; };
		B6756E992841B3F100CAF38C /* AppDelegate.m */ = {isa = PBXFileReference; lastKnownFileType = sourcecode.c.objc; path = AppDelegate.m; sourceTree = "<group>"; };
		B6756E9B2841B3F100CAF38C /* SceneDelegate.h */ = {isa = PBXFileReference; lastKnownFileType = sourcecode.c.h; path = SceneDelegate.h; sourceTree = "<group>"; };
		B6756E9C2841B3F100CAF38C /* SceneDelegate.m */ = {isa = PBXFileReference; lastKnownFileType = sourcecode.c.objc; path = SceneDelegate.m; sourceTree = "<group>"; };
		B6756E9E2841B3F100CAF38C /* ViewController.h */ = {isa = PBXFileReference; lastKnownFileType = sourcecode.c.h; path = ViewController.h; sourceTree = "<group>"; };
		B6756E9F2841B3F100CAF38C /* ViewController.m */ = {isa = PBXFileReference; lastKnownFileType = sourcecode.c.objc; path = ViewController.m; sourceTree = "<group>"; };
		B6756EA22841B3F100CAF38C /* Base */ = {isa = PBXFileReference; lastKnownFileType = file.storyboard; name = Base; path = Base.lproj/Main.storyboard; sourceTree = "<group>"; };
		B6756EA42841B3F200CAF38C /* Assets.xcassets */ = {isa = PBXFileReference; lastKnownFileType = folder.assetcatalog; path = Assets.xcassets; sourceTree = "<group>"; };
		B6756EA72841B3F200CAF38C /* Base */ = {isa = PBXFileReference; lastKnownFileType = file.storyboard; name = Base; path = Base.lproj/LaunchScreen.storyboard; sourceTree = "<group>"; };
		B6756EA92841B3F200CAF38C /* Info.plist */ = {isa = PBXFileReference; lastKnownFileType = text.plist.xml; path = Info.plist; sourceTree = "<group>"; };
		B6756EAA2841B3F200CAF38C /* main.m */ = {isa = PBXFileReference; lastKnownFileType = sourcecode.c.objc; path = main.m; sourceTree = "<group>"; };
		B6756EB62842025000CAF38C /* HomeViewController.h */ = {isa = PBXFileReference; lastKnownFileType = sourcecode.c.h; path = HomeViewController.h; sourceTree = "<group>"; };
		B6756EB72842025000CAF38C /* HomeViewController.m */ = {isa = PBXFileReference; lastKnownFileType = sourcecode.c.objc; path = HomeViewController.m; sourceTree = "<group>"; };
		B6756EB92842091600CAF38C /* AppViewViewController.h */ = {isa = PBXFileReference; lastKnownFileType = sourcecode.c.h; path = AppViewViewController.h; sourceTree = "<group>"; };
		B6756EBA2842091600CAF38C /* AppViewViewController.m */ = {isa = PBXFileReference; lastKnownFileType = sourcecode.c.objc; path = AppViewViewController.m; sourceTree = "<group>"; };
		B6756EBC28420EFA00CAF38C /* AppClickViewController.h */ = {isa = PBXFileReference; lastKnownFileType = sourcecode.c.h; path = AppClickViewController.h; sourceTree = "<group>"; };
		B6756EBD28420EFA00CAF38C /* AppClickViewController.m */ = {isa = PBXFileReference; lastKnownFileType = sourcecode.c.objc; path = AppClickViewController.m; sourceTree = "<group>"; };
		B6756EBF28421BA700CAF38C /* AppClickTableViewVC.h */ = {isa = PBXFileReference; lastKnownFileType = sourcecode.c.h; path = AppClickTableViewVC.h; sourceTree = "<group>"; };
		B6756EC028421BA700CAF38C /* AppClickTableViewVC.m */ = {isa = PBXFileReference; lastKnownFileType = sourcecode.c.objc; path = AppClickTableViewVC.m; sourceTree = "<group>"; };
		B6756EC22842285600CAF38C /* IgnoredViewController.h */ = {isa = PBXFileReference; lastKnownFileType = sourcecode.c.h; path = IgnoredViewController.h; sourceTree = "<group>"; };
		B6756EC32842285600CAF38C /* IgnoredViewController.m */ = {isa = PBXFileReference; lastKnownFileType = sourcecode.c.objc; path = IgnoredViewController.m; sourceTree = "<group>"; };
		EB6B570B1AF53E962FC92F9D /* Pods-TATest_iOS.debug.xcconfig */ = {isa = PBXFileReference; includeInIndex = 1; lastKnownFileType = text.xcconfig; name = "Pods-TATest_iOS.debug.xcconfig"; path = "Target Support Files/Pods-TATest_iOS/Pods-TATest_iOS.debug.xcconfig"; sourceTree = "<group>"; };
/* End PBXFileReference section */

/* Begin PBXFrameworksBuildPhase section */
		B6756E922841B3F100CAF38C /* Frameworks */ = {
			isa = PBXFrameworksBuildPhase;
			buildActionMask = 2147483647;
			files = (
				3CDF7375533E3C3F8FA09F1C /* Pods_TATest_iOS.framework in Frameworks */,
			);
			runOnlyForDeploymentPostprocessing = 0;
		};
/* End PBXFrameworksBuildPhase section */

/* Begin PBXGroup section */
		4EBF5438A6FE89F03E54BAE0 /* Pods */ = {
			isa = PBXGroup;
			children = (
				EB6B570B1AF53E962FC92F9D /* Pods-TATest_iOS.debug.xcconfig */,
				67816C72EC8BCC530D10AFD6 /* Pods-TATest_iOS.release.xcconfig */,
			);
			path = Pods;
			sourceTree = "<group>";
		};
		B6756E8C2841B3F100CAF38C = {
			isa = PBXGroup;
			children = (
				B6756E972841B3F100CAF38C /* TATest_iOS */,
				B6756E962841B3F100CAF38C /* Products */,
				4EBF5438A6FE89F03E54BAE0 /* Pods */,
				D0B8D2508B5D6D3CA513B350 /* Frameworks */,
			);
			sourceTree = "<group>";
		};
		B6756E962841B3F100CAF38C /* Products */ = {
			isa = PBXGroup;
			children = (
				B6756E952841B3F100CAF38C /* TATest_iOS.app */,
			);
			name = Products;
			sourceTree = "<group>";
		};
		B6756E972841B3F100CAF38C /* TATest_iOS */ = {
			isa = PBXGroup;
			children = (
				4642F4D428D2F85E0048D26D /* GoogleService-Info.plist */,
				4646692C28D18FFB0076A3E3 /* APNSManager.h */,
				4646692D28D18FFB0076A3E3 /* APNSManager.m */,
				B6756E982841B3F100CAF38C /* AppDelegate.h */,
				B6756E992841B3F100CAF38C /* AppDelegate.m */,
				B6756E9B2841B3F100CAF38C /* SceneDelegate.h */,
				B6756E9C2841B3F100CAF38C /* SceneDelegate.m */,
				B6756E9E2841B3F100CAF38C /* ViewController.h */,
				B6756E9F2841B3F100CAF38C /* ViewController.m */,
				B6756EB62842025000CAF38C /* HomeViewController.h */,
				B6756EB72842025000CAF38C /* HomeViewController.m */,
				46BFD05629376DB900EEB478 /* TEObject.h */,
				46BFD05729376DB900EEB478 /* TEObject.m */,
				B6756EB52842020200CAF38C /* AutoTracker */,
				B6756EA12841B3F100CAF38C /* Main.storyboard */,
				B6756EA42841B3F200CAF38C /* Assets.xcassets */,
				B6756EA62841B3F200CAF38C /* LaunchScreen.storyboard */,
				B6756EA92841B3F200CAF38C /* Info.plist */,
				B6756EAA2841B3F200CAF38C /* main.m */,
			);
			path = TATest_iOS;
			sourceTree = "<group>";
		};
		B6756EB52842020200CAF38C /* AutoTracker */ = {
			isa = PBXGroup;
			children = (
				B6756EB92842091600CAF38C /* AppViewViewController.h */,
				B6756EBA2842091600CAF38C /* AppViewViewController.m */,
				B6756EBC28420EFA00CAF38C /* AppClickViewController.h */,
				B6756EBD28420EFA00CAF38C /* AppClickViewController.m */,
				B6756EBF28421BA700CAF38C /* AppClickTableViewVC.h */,
				B6756EC028421BA700CAF38C /* AppClickTableViewVC.m */,
				B6756EC22842285600CAF38C /* IgnoredViewController.h */,
				B6756EC32842285600CAF38C /* IgnoredViewController.m */,
			);
			path = AutoTracker;
			sourceTree = "<group>";
		};
		D0B8D2508B5D6D3CA513B350 /* Frameworks */ = {
			isa = PBXGroup;
			children = (
				0F3E8F677B5BB84227B665CD /* Pods_TATest_iOS.framework */,
			);
			name = Frameworks;
			sourceTree = "<group>";
		};
/* End PBXGroup section */

/* Begin PBXNativeTarget section */
		B6756E942841B3F100CAF38C /* TATest_iOS */ = {
			isa = PBXNativeTarget;
			buildConfigurationList = B6756EAE2841B3F200CAF38C /* Build configuration list for PBXNativeTarget "TATest_iOS" */;
			buildPhases = (
				23CA130B5D84FFC4524F8581 /* [CP] Check Pods Manifest.lock */,
				B6756E912841B3F100CAF38C /* Sources */,
				B6756E922841B3F100CAF38C /* Frameworks */,
				B6756E932841B3F100CAF38C /* Resources */,
				730066EF9EB3655CE43D7DD6 /* [CP] Embed Pods Frameworks */,
			);
			buildRules = (
			);
			dependencies = (
			);
			name = TATest_iOS;
			productName = TATest_iOS;
			productReference = B6756E952841B3F100CAF38C /* TATest_iOS.app */;
			productType = "com.apple.product-type.application";
		};
/* End PBXNativeTarget section */

/* Begin PBXProject section */
		B6756E8D2841B3F100CAF38C /* Project object */ = {
			isa = PBXProject;
			attributes = {
				BuildIndependentTargetsInParallel = 1;
				LastUpgradeCheck = 1310;
				TargetAttributes = {
					B6756E942841B3F100CAF38C = {
						CreatedOnToolsVersion = 13.1;
					};
				};
			};
			buildConfigurationList = B6756E902841B3F100CAF38C /* Build configuration list for PBXProject "TATest_iOS" */;
			compatibilityVersion = "Xcode 13.0";
			developmentRegion = en;
			hasScannedForEncodings = 0;
			knownRegions = (
				en,
				Base,
			);
			mainGroup = B6756E8C2841B3F100CAF38C;
			productRefGroup = B6756E962841B3F100CAF38C /* Products */;
			projectDirPath = "";
			projectRoot = "";
			targets = (
				B6756E942841B3F100CAF38C /* TATest_iOS */,
			);
		};
/* End PBXProject section */

/* Begin PBXResourcesBuildPhase section */
		B6756E932841B3F100CAF38C /* Resources */ = {
			isa = PBXResourcesBuildPhase;
			buildActionMask = 2147483647;
			files = (
				B6756EA82841B3F200CAF38C /* LaunchScreen.storyboard in Resources */,
				4642F4D528D2F85E0048D26D /* GoogleService-Info.plist in Resources */,
				B6756EA52841B3F200CAF38C /* Assets.xcassets in Resources */,
				B6756EA32841B3F100CAF38C /* Main.storyboard in Resources */,
			);
			runOnlyForDeploymentPostprocessing = 0;
		};
/* End PBXResourcesBuildPhase section */

/* Begin PBXShellScriptBuildPhase section */
		23CA130B5D84FFC4524F8581 /* [CP] Check Pods Manifest.lock */ = {
			isa = PBXShellScriptBuildPhase;
			buildActionMask = 2147483647;
			files = (
			);
			inputFileListPaths = (
			);
			inputPaths = (
				"${PODS_PODFILE_DIR_PATH}/Podfile.lock",
				"${PODS_ROOT}/Manifest.lock",
			);
			name = "[CP] Check Pods Manifest.lock";
			outputFileListPaths = (
			);
			outputPaths = (
				"$(DERIVED_FILE_DIR)/Pods-TATest_iOS-checkManifestLockResult.txt",
			);
			runOnlyForDeploymentPostprocessing = 0;
			shellPath = /bin/sh;
			shellScript = "diff \"${PODS_PODFILE_DIR_PATH}/Podfile.lock\" \"${PODS_ROOT}/Manifest.lock\" > /dev/null\nif [ $? != 0 ] ; then\n    # print error to STDERR\n    echo \"error: The sandbox is not in sync with the Podfile.lock. Run 'pod install' or update your CocoaPods installation.\" >&2\n    exit 1\nfi\n# This output is used by Xcode 'outputs' to avoid re-running this script phase.\necho \"SUCCESS\" > \"${SCRIPT_OUTPUT_FILE_0}\"\n";
			showEnvVarsInLog = 0;
		};
		730066EF9EB3655CE43D7DD6 /* [CP] Embed Pods Frameworks */ = {
			isa = PBXShellScriptBuildPhase;
			buildActionMask = 2147483647;
			files = (
			);
			inputFileListPaths = (
				"${PODS_ROOT}/Target Support Files/Pods-TATest_iOS/Pods-TATest_iOS-frameworks-${CONFIGURATION}-input-files.xcfilelist",
			);
			name = "[CP] Embed Pods Frameworks";
			outputFileListPaths = (
				"${PODS_ROOT}/Target Support Files/Pods-TATest_iOS/Pods-TATest_iOS-frameworks-${CONFIGURATION}-output-files.xcfilelist",
			);
			runOnlyForDeploymentPostprocessing = 0;
			shellPath = /bin/sh;
			shellScript = "\"${PODS_ROOT}/Target Support Files/Pods-TATest_iOS/Pods-TATest_iOS-frameworks.sh\"\n";
			showEnvVarsInLog = 0;
		};
/* End PBXShellScriptBuildPhase section */

/* Begin PBXSourcesBuildPhase section */
		B6756E912841B3F100CAF38C /* Sources */ = {
			isa = PBXSourcesBuildPhase;
			buildActionMask = 2147483647;
			files = (
				B6756EA02841B3F100CAF38C /* ViewController.m in Sources */,
				B6756E9A2841B3F100CAF38C /* AppDelegate.m in Sources */,
				B6756EBB2842091600CAF38C /* AppViewViewController.m in Sources */,
				B6756EC128421BA700CAF38C /* AppClickTableViewVC.m in Sources */,
				B6756EAB2841B3F200CAF38C /* main.m in Sources */,
				4646692E28D18FFB0076A3E3 /* APNSManager.m in Sources */,
				B6756EB82842025100CAF38C /* HomeViewController.m in Sources */,
				B6756EBE28420EFA00CAF38C /* AppClickViewController.m in Sources */,
				B6756E9D2841B3F100CAF38C /* SceneDelegate.m in Sources */,
				46BFD05829376DB900EEB478 /* TEObject.m in Sources */,
				B6756EC42842285600CAF38C /* IgnoredViewController.m in Sources */,
			);
			runOnlyForDeploymentPostprocessing = 0;
		};
/* End PBXSourcesBuildPhase section */

/* Begin PBXVariantGroup section */
		B6756EA12841B3F100CAF38C /* Main.storyboard */ = {
			isa = PBXVariantGroup;
			children = (
				B6756EA22841B3F100CAF38C /* Base */,
			);
			name = Main.storyboard;
			sourceTree = "<group>";
		};
		B6756EA62841B3F200CAF38C /* LaunchScreen.storyboard */ = {
			isa = PBXVariantGroup;
			children = (
				B6756EA72841B3F200CAF38C /* Base */,
			);
			name = LaunchScreen.storyboard;
			sourceTree = "<group>";
		};
/* End PBXVariantGroup section */

/* Begin XCBuildConfiguration section */
		B6756EAC2841B3F200CAF38C /* Debug */ = {
			isa = XCBuildConfiguration;
			buildSettings = {
				ALWAYS_SEARCH_USER_PATHS = NO;
				CLANG_ANALYZER_NONNULL = YES;
				CLANG_ANALYZER_NUMBER_OBJECT_CONVERSION = YES_AGGRESSIVE;
				CLANG_CXX_LANGUAGE_STANDARD = "gnu++17";
				CLANG_CXX_LIBRARY = "libc++";
				CLANG_ENABLE_MODULES = YES;
				CLANG_ENABLE_OBJC_ARC = YES;
				CLANG_ENABLE_OBJC_WEAK = YES;
				CLANG_WARN_BLOCK_CAPTURE_AUTORELEASING = YES;
				CLANG_WARN_BOOL_CONVERSION = YES;
				CLANG_WARN_COMMA = YES;
				CLANG_WARN_CONSTANT_CONVERSION = YES;
				CLANG_WARN_DEPRECATED_OBJC_IMPLEMENTATIONS = YES;
				CLANG_WARN_DIRECT_OBJC_ISA_USAGE = YES_ERROR;
				CLANG_WARN_DOCUMENTATION_COMMENTS = YES;
				CLANG_WARN_EMPTY_BODY = YES;
				CLANG_WARN_ENUM_CONVERSION = YES;
				CLANG_WARN_INFINITE_RECURSION = YES;
				CLANG_WARN_INT_CONVERSION = YES;
				CLANG_WARN_NON_LITERAL_NULL_CONVERSION = YES;
				CLANG_WARN_OBJC_IMPLICIT_RETAIN_SELF = YES;
				CLANG_WARN_OBJC_LITERAL_CONVERSION = YES;
				CLANG_WARN_OBJC_ROOT_CLASS = YES_ERROR;
				CLANG_WARN_QUOTED_INCLUDE_IN_FRAMEWORK_HEADER = YES;
				CLANG_WARN_RANGE_LOOP_ANALYSIS = YES;
				CLANG_WARN_STRICT_PROTOTYPES = YES;
				CLANG_WARN_SUSPICIOUS_MOVE = YES;
				CLANG_WARN_UNGUARDED_AVAILABILITY = YES_AGGRESSIVE;
				CLANG_WARN_UNREACHABLE_CODE = YES;
				CLANG_WARN__DUPLICATE_METHOD_MATCH = YES;
				COPY_PHASE_STRIP = NO;
				DEBUG_INFORMATION_FORMAT = dwarf;
				ENABLE_STRICT_OBJC_MSGSEND = YES;
				ENABLE_TESTABILITY = YES;
				GCC_C_LANGUAGE_STANDARD = gnu11;
				GCC_DYNAMIC_NO_PIC = NO;
				GCC_NO_COMMON_BLOCKS = YES;
				GCC_OPTIMIZATION_LEVEL = 0;
				GCC_PREPROCESSOR_DEFINITIONS = (
					"DEBUG=1",
					"$(inherited)",
				);
				GCC_WARN_64_TO_32_BIT_CONVERSION = YES;
				GCC_WARN_ABOUT_RETURN_TYPE = YES_ERROR;
				GCC_WARN_UNDECLARED_SELECTOR = YES;
				GCC_WARN_UNINITIALIZED_AUTOS = YES_AGGRESSIVE;
				GCC_WARN_UNUSED_FUNCTION = YES;
				GCC_WARN_UNUSED_VARIABLE = YES;
				IPHONEOS_DEPLOYMENT_TARGET = 15.0;
				MTL_ENABLE_DEBUG_INFO = INCLUDE_SOURCE;
				MTL_FAST_MATH = YES;
				ONLY_ACTIVE_ARCH = YES;
				SDKROOT = iphoneos;
			};
			name = Debug;
		};
		B6756EAD2841B3F200CAF38C /* Release */ = {
			isa = XCBuildConfiguration;
			buildSettings = {
				ALWAYS_SEARCH_USER_PATHS = NO;
				CLANG_ANALYZER_NONNULL = YES;
				CLANG_ANALYZER_NUMBER_OBJECT_CONVERSION = YES_AGGRESSIVE;
				CLANG_CXX_LANGUAGE_STANDARD = "gnu++17";
				CLANG_CXX_LIBRARY = "libc++";
				CLANG_ENABLE_MODULES = YES;
				CLANG_ENABLE_OBJC_ARC = YES;
				CLANG_ENABLE_OBJC_WEAK = YES;
				CLANG_WARN_BLOCK_CAPTURE_AUTORELEASING = YES;
				CLANG_WARN_BOOL_CONVERSION = YES;
				CLANG_WARN_COMMA = YES;
				CLANG_WARN_CONSTANT_CONVERSION = YES;
				CLANG_WARN_DEPRECATED_OBJC_IMPLEMENTATIONS = YES;
				CLANG_WARN_DIRECT_OBJC_ISA_USAGE = YES_ERROR;
				CLANG_WARN_DOCUMENTATION_COMMENTS = YES;
				CLANG_WARN_EMPTY_BODY = YES;
				CLANG_WARN_ENUM_CONVERSION = YES;
				CLANG_WARN_INFINITE_RECURSION = YES;
				CLANG_WARN_INT_CONVERSION = YES;
				CLANG_WARN_NON_LITERAL_NULL_CONVERSION = YES;
				CLANG_WARN_OBJC_IMPLICIT_RETAIN_SELF = YES;
				CLANG_WARN_OBJC_LITERAL_CONVERSION = YES;
				CLANG_WARN_OBJC_ROOT_CLASS = YES_ERROR;
				CLANG_WARN_QUOTED_INCLUDE_IN_FRAMEWORK_HEADER = YES;
				CLANG_WARN_RANGE_LOOP_ANALYSIS = YES;
				CLANG_WARN_STRICT_PROTOTYPES = YES;
				CLANG_WARN_SUSPICIOUS_MOVE = YES;
				CLANG_WARN_UNGUARDED_AVAILABILITY = YES_AGGRESSIVE;
				CLANG_WARN_UNREACHABLE_CODE = YES;
				CLANG_WARN__DUPLICATE_METHOD_MATCH = YES;
				COPY_PHASE_STRIP = NO;
				DEBUG_INFORMATION_FORMAT = "dwarf-with-dsym";
				ENABLE_NS_ASSERTIONS = NO;
				ENABLE_STRICT_OBJC_MSGSEND = YES;
				GCC_C_LANGUAGE_STANDARD = gnu11;
				GCC_NO_COMMON_BLOCKS = YES;
				GCC_WARN_64_TO_32_BIT_CONVERSION = YES;
				GCC_WARN_ABOUT_RETURN_TYPE = YES_ERROR;
				GCC_WARN_UNDECLARED_SELECTOR = YES;
				GCC_WARN_UNINITIALIZED_AUTOS = YES_AGGRESSIVE;
				GCC_WARN_UNUSED_FUNCTION = YES;
				GCC_WARN_UNUSED_VARIABLE = YES;
				IPHONEOS_DEPLOYMENT_TARGET = 15.0;
				MTL_ENABLE_DEBUG_INFO = NO;
				MTL_FAST_MATH = YES;
				SDKROOT = iphoneos;
				VALIDATE_PRODUCT = YES;
			};
			name = Release;
		};
		B6756EAF2841B3F200CAF38C /* Debug */ = {
			isa = XCBuildConfiguration;
			baseConfigurationReference = EB6B570B1AF53E962FC92F9D /* Pods-TATest_iOS.debug.xcconfig */;
			buildSettings = {
				ASSETCATALOG_COMPILER_APPICON_NAME = AppIcon;
				ASSETCATALOG_COMPILER_GLOBAL_ACCENT_COLOR_NAME = AccentColor;
				CODE_SIGN_STYLE = Automatic;
				CURRENT_PROJECT_VERSION = 1;
				DEVELOPMENT_TEAM = PM4B9EWD95;
				ENABLE_BITCODE = NO;
				GENERATE_INFOPLIST_FILE = YES;
				INFOPLIST_FILE = TATest_iOS/Info.plist;
				INFOPLIST_KEY_UIApplicationSupportsIndirectInputEvents = YES;
				INFOPLIST_KEY_UILaunchStoryboardName = LaunchScreen;
				INFOPLIST_KEY_UIMainStoryboardFile = Main;
				INFOPLIST_KEY_UISupportedInterfaceOrientations_iPad = "UIInterfaceOrientationPortrait UIInterfaceOrientationPortraitUpsideDown UIInterfaceOrientationLandscapeLeft UIInterfaceOrientationLandscapeRight";
				INFOPLIST_KEY_UISupportedInterfaceOrientations_iPhone = "UIInterfaceOrientationPortrait UIInterfaceOrientationLandscapeLeft UIInterfaceOrientationLandscapeRight";
				IPHONEOS_DEPLOYMENT_TARGET = 11.0;
				LD_RUNPATH_SEARCH_PATHS = (
					"$(inherited)",
					"@executable_path/Frameworks",
				);
				MARKETING_VERSION = 1.1;
				PRODUCT_BUNDLE_IDENTIFIER = "xmly.TATest-iOS";
				PRODUCT_NAME = "$(TARGET_NAME)";
				SWIFT_EMIT_LOC_STRINGS = YES;
				TARGETED_DEVICE_FAMILY = "1,2";
			};
			name = Debug;
		};
		B6756EB02841B3F200CAF38C /* Release */ = {
			isa = XCBuildConfiguration;
			baseConfigurationReference = 67816C72EC8BCC530D10AFD6 /* Pods-TATest_iOS.release.xcconfig */;
			buildSettings = {
				ASSETCATALOG_COMPILER_APPICON_NAME = AppIcon;
				ASSETCATALOG_COMPILER_GLOBAL_ACCENT_COLOR_NAME = AccentColor;
				CODE_SIGN_STYLE = Automatic;
				CURRENT_PROJECT_VERSION = 1;
				DEVELOPMENT_TEAM = PM4B9EWD95;
				ENABLE_BITCODE = NO;
				GENERATE_INFOPLIST_FILE = YES;
				INFOPLIST_FILE = TATest_iOS/Info.plist;
				INFOPLIST_KEY_UIApplicationSupportsIndirectInputEvents = YES;
				INFOPLIST_KEY_UILaunchStoryboardName = LaunchScreen;
				INFOPLIST_KEY_UIMainStoryboardFile = Main;
				INFOPLIST_KEY_UISupportedInterfaceOrientations_iPad = "UIInterfaceOrientationPortrait UIInterfaceOrientationPortraitUpsideDown UIInterfaceOrientationLandscapeLeft UIInterfaceOrientationLandscapeRight";
				INFOPLIST_KEY_UISupportedInterfaceOrientations_iPhone = "UIInterfaceOrientationPortrait UIInterfaceOrientationLandscapeLeft UIInterfaceOrientationLandscapeRight";
				IPHONEOS_DEPLOYMENT_TARGET = 11.0;
				LD_RUNPATH_SEARCH_PATHS = (
					"$(inherited)",
					"@executable_path/Frameworks",
				);
				MARKETING_VERSION = 1.1;
				PRODUCT_BUNDLE_IDENTIFIER = "xmly.TATest-iOS";
				PRODUCT_NAME = "$(TARGET_NAME)";
				SWIFT_EMIT_LOC_STRINGS = YES;
				TARGETED_DEVICE_FAMILY = "1,2";
			};
			name = Release;
		};
/* End XCBuildConfiguration section */

/* Begin XCConfigurationList section */
		B6756E902841B3F100CAF38C /* Build configuration list for PBXProject "TATest_iOS" */ = {
			isa = XCConfigurationList;
			buildConfigurations = (
				B6756EAC2841B3F200CAF38C /* Debug */,
				B6756EAD2841B3F200CAF38C /* Release */,
			);
			defaultConfigurationIsVisible = 0;
			defaultConfigurationName = Release;
		};
		B6756EAE2841B3F200CAF38C /* Build configuration list for PBXNativeTarget "TATest_iOS" */ = {
			isa = XCConfigurationList;
			buildConfigurations = (
				B6756EAF2841B3F200CAF38C /* Debug */,
				B6756EB02841B3F200CAF38C /* Release */,
			);
			defaultConfigurationIsVisible = 0;
			defaultConfigurationName = Release;
		};
/* End XCConfigurationList section */
	};
	rootObject = B6756E8D2841B3F100CAF38C /* Project object */;
}
